# THIS IS AN AUTOGENERATED FILE. DO NOT EDIT THIS FILE DIRECTLY.
# yarn lockfile v1


"@types/mime-types@^2.1.0":
  version "2.1.0"
  resolved "https://registry.yarnpkg.com/@types/mime-types/-/mime-types-2.1.0.tgz#9ca52cda363f699c69466c2a6ccdaad913ea7a73"
  integrity sha1-nKUs2jY/aZxpRmwqbM2q2RPqenM=

mime-db@1.46.0:
  version "1.46.0"
  resolved "https://registry.yarnpkg.com/mime-db/-/mime-db-1.46.0.tgz#6267748a7f799594de3cbc8cde91def349661cee"
  integrity sha512-svXaP8UQRZ5K7or+ZmfNhg2xX3yKDMUzqadsSqi4NCH/KomcH75MAMYAGVlvXn4+b/xOPhS3I2uHKRUzvjY7BQ==

mime-types@^2.1.29:
  version "2.1.29"
  resolved "https://registry.yarnpkg.com/mime-types/-/mime-types-2.1.29.tgz#1d4ab77da64b91f5f72489df29236563754bb1b2"
  integrity sha512-Y/jMt/S5sR9OaqteJtslsFZKWOIIqMACsJSiHghlCAyhf7jfVYjKBmLiX8OgpWeW+fjJ2b+Az69aPFPkUOY6xQ==
  dependencies:
    mime-db "1.46.0"

mime@^2.5.2:
  version "2.5.2"
  resolved "https://registry.yarnpkg.com/mime/-/mime-2.5.2.tgz#6e3dc6cc2b9510643830e5f19d5cb753da5eeabe"
  integrity sha512-tqkh47FzKeCPD2PUiPB6pkbMzsCasjxAfC62/Wap5qrUWcb+sFasXUC5I3gYM5iBM8v/Qpn4UK0x+j0iHyFPDg==

rate-limiter-flexible@^2.2.1:
  version "2.2.1"
  resolved "https://registry.yarnpkg.com/rate-limiter-flexible/-/rate-limiter-flexible-2.2.1.tgz#acb81a3d92a0f26bf7e9767e0f96de3a89ecb3a6"
  integrity sha512-rxCP6kDDdn0cZmVqVlF06yLU+mG3TuwaHV/fUIw3OQyYhza7pzVBtdMhUmfXbBzMS+O464XP+x33pfTDGRGYVA==
